
Microsoft Visual Studio Solution File, Format Version 12.00
# Visual Studio Version 17
VisualStudioVersion = 17.4.33122.133
MinimumVisualStudioVersion = 10.0.40219.1
Project("{FAE04EC0-301F-11D3-BF4B-00C04F79EFBC}") = "Flappy_Moo", "Flappy_Moo\Flappy_Moo.csproj", "{E07F636C-EE99-4C19-89A6-D6BE49D186E1}"
EndProject
Global
	GlobalSection(SolutionConfigurationPlatforms) = preSolution
		Debug|Any CPU = Debug|Any CPU
		Release|Any CPU = Release|Any CPU
	EndGlobalSection
	GlobalSection(ProjectConfigurationPlatforms) = postSolution
		{E07F636C-EE99-4C19-89A6-D6BE49D186E1}.Debug|Any CPU.ActiveCfg = Debug|Any CPU
		{E07F636C-EE99-4C19-89A6-D6BE49D186E1}.Debug|Any CPU.Build.0 = Debug|Any CPU
		{E07F636C-EE99-4C19-89A6-D6BE49D186E1}.Release|Any CPU.ActiveCfg = Release|Any CPU
		{E07F636C-EE99-4C19-89A6-D6BE49D186E1}.Release|Any CPU.Build.0 = Release|Any CPU
	EndGlobalSection
	GlobalSection(SolutionProperties) = preSolution
		HideSolutionNode = FALSE
	EndGlobalSection
	GlobalSection(ExtensibilityGlobals) = postSolution
		SolutionGuid = {ACB7DE19-0F69-468D-9AD0-84C91F52251E}
	EndGlobalSection
EndGlobal
